
Microsoft Visual Studio Solution File, Format Version 12.00
# Visual Studio Version 16
VisualStudioVersion = 16.0.32228.343
MinimumVisualStudioVersion = 10.0.40219.1
Project("{FAE04EC0-301F-11D3-BF4B-00C04F79EFBC}") = "Projeto", "Projeto\Projeto.csproj", "{DE8C355F-7974-475F-9699-6A5A13F271DF}"
EndProject
Global
	GlobalSection(SolutionConfigurationPlatforms) = preSolution
		Debug|Any CPU = Debug|Any CPU
		Release|Any CPU = Release|Any CPU
	EndGlobalSection
	GlobalSection(ProjectConfigurationPlatforms) = postSolution
		{DE8C355F-7974-475F-9699-6A5A13F271DF}.Debug|Any CPU.ActiveCfg = Debug|Any CPU
		{DE8C355F-7974-475F-9699-6A5A13F271DF}.Debug|Any CPU.Build.0 = Debug|Any CPU
		{DE8C355F-7974-475F-9699-6A5A13F271DF}.Release|Any CPU.ActiveCfg = Release|Any CPU
		{DE8C355F-7974-475F-9699-6A5A13F271DF}.Release|Any CPU.Build.0 = Release|Any CPU
	EndGlobalSection
	GlobalSection(SolutionProperties) = preSolution
		HideSolutionNode = FALSE
	EndGlobalSection
	GlobalSection(ExtensibilityGlobals) = postSolution
		SolutionGuid = {7131326F-6B82-4C68-9C85-DEA48C32A833}
	EndGlobalSection
EndGlobal
